
Microsoft Visual Studio Solution File, Format Version 12.00
# Visual Studio Version 17
VisualStudioVersion = 17.2.32630.192
MinimumVisualStudioVersion = 10.0.40219.1
Project("{FAE04EC0-301F-11D3-BF4B-00C04F79EFBC}") = "APIappentrega", "APIappentrega\APIappentrega.csproj", "{B73ED520-7CC5-49CF-A5E7-20CD3A63157C}"
EndProject
Global
	GlobalSection(SolutionConfigurationPlatforms) = preSolution
		Debug|Any CPU = Debug|Any CPU
		Release|Any CPU = Release|Any CPU
	EndGlobalSection
	GlobalSection(ProjectConfigurationPlatforms) = postSolution
		{B73ED520-7CC5-49CF-A5E7-20CD3A63157C}.Debug|Any CPU.ActiveCfg = Debug|Any CPU
		{B73ED520-7CC5-49CF-A5E7-20CD3A63157C}.Debug|Any CPU.Build.0 = Debug|Any CPU
		{B73ED520-7CC5-49CF-A5E7-20CD3A63157C}.Release|Any CPU.ActiveCfg = Release|Any CPU
		{B73ED520-7CC5-49CF-A5E7-20CD3A63157C}.Release|Any CPU.Build.0 = Release|Any CPU
	EndGlobalSection
	GlobalSection(SolutionProperties) = preSolution
		HideSolutionNode = FALSE
	EndGlobalSection
	GlobalSection(ExtensibilityGlobals) = postSolution
		SolutionGuid = {0E22F90D-E17E-4DE6-8209-6A416FB2B2BD}
	EndGlobalSection
EndGlobal
